
Microsoft Visual Studio Solution File, Format Version 10.00
# Visual Studio 2008
Project("{FAE04EC0-301F-11D3-BF4B-00C04F79EFBC}") = "EncryptAndDecryptData", "EncryptAndDecryptData\EncryptAndDecryptData.csproj", "{B45A01AE-F3B1-48D8-95A2-9BA38DC133A1}"
EndProject
Global
	GlobalSection(SolutionConfigurationPlatforms) = preSolution
		Debug|Any CPU = Debug|Any CPU
		Release|Any CPU = Release|Any CPU
	EndGlobalSection
	GlobalSection(ProjectConfigurationPlatforms) = postSolution
		{B45A01AE-F3B1-48D8-95A2-9BA38DC133A1}.Debug|Any CPU.ActiveCfg = Debug|Any CPU
		{B45A01AE-F3B1-48D8-95A2-9BA38DC133A1}.Debug|Any CPU.Build.0 = Debug|Any CPU
		{B45A01AE-F3B1-48D8-95A2-9BA38DC133A1}.Release|Any CPU.ActiveCfg = Release|Any CPU
		{B45A01AE-F3B1-48D8-95A2-9BA38DC133A1}.Release|Any CPU.Build.0 = Release|Any CPU
	EndGlobalSection
	GlobalSection(SolutionProperties) = preSolution
		HideSolutionNode = FALSE
	EndGlobalSection
EndGlobal
