
Microsoft Visual Studio Solution File, Format Version 10.00
# Visual Studio 2008
Project("{FAE04EC0-301F-11D3-BF4B-00C04F79EFBC}") = "Util", "Util\Util.csproj", "{CBAD211A-C195-4586-8A8A-2974FA3170D9}"
EndProject
Global
	GlobalSection(SolutionConfigurationPlatforms) = preSolution
		Debug|Any CPU = Debug|Any CPU
		Release|Any CPU = Release|Any CPU
	EndGlobalSection
	GlobalSection(ProjectConfigurationPlatforms) = postSolution
		{CBAD211A-C195-4586-8A8A-2974FA3170D9}.Debug|Any CPU.ActiveCfg = Debug|Any CPU
		{CBAD211A-C195-4586-8A8A-2974FA3170D9}.Debug|Any CPU.Build.0 = Debug|Any CPU
		{CBAD211A-C195-4586-8A8A-2974FA3170D9}.Release|Any CPU.ActiveCfg = Release|Any CPU
		{CBAD211A-C195-4586-8A8A-2974FA3170D9}.Release|Any CPU.Build.0 = Release|Any CPU
	EndGlobalSection
	GlobalSection(SolutionProperties) = preSolution
		HideSolutionNode = FALSE
	EndGlobalSection
EndGlobal
