
Microsoft Visual Studio Solution File, Format Version 10.00
# Visual Studio 2008
Project("{FAE04EC0-301F-11D3-BF4B-00C04F79EFBC}") = "ExcelWriteAndRead", "ExcelWriteAndRead\ExcelWriteAndRead.csproj", "{FF04E63C-054B-4972-B3DF-4ACCE13322F0}"
EndProject
Global
	GlobalSection(SolutionConfigurationPlatforms) = preSolution
		Debug|Any CPU = Debug|Any CPU
		Release|Any CPU = Release|Any CPU
	EndGlobalSection
	GlobalSection(ProjectConfigurationPlatforms) = postSolution
		{FF04E63C-054B-4972-B3DF-4ACCE13322F0}.Debug|Any CPU.ActiveCfg = Debug|Any CPU
		{FF04E63C-054B-4972-B3DF-4ACCE13322F0}.Debug|Any CPU.Build.0 = Debug|Any CPU
		{FF04E63C-054B-4972-B3DF-4ACCE13322F0}.Release|Any CPU.ActiveCfg = Release|Any CPU
		{FF04E63C-054B-4972-B3DF-4ACCE13322F0}.Release|Any CPU.Build.0 = Release|Any CPU
	EndGlobalSection
	GlobalSection(SolutionProperties) = preSolution
		HideSolutionNode = FALSE
	EndGlobalSection
EndGlobal
